{
  "projects": [
    {
      "projectId": "84wxoth5npGrp6RRXPL88z",
      "version": "4.2.0",
      "dependencies": {},
      "lang": "ts",
      "fileLocks": [
        {
          "assetId": "84wxoth5npGrp6RRXPL88z",
          "type": "projectCss",
          "checksum": "9b42bcc01d2c969d912958d61431de9e"
        },
        {
          "assetId": "84wxoth5npGrp6RRXPL88z",
          "checksum": "b2ce5fdf753761f5713b1026b9e65539",
          "type": "globalContexts"
        }
      ],
      "codegenVersion": "0.0.1"
    },
    {
      "projectId": "58GpZjZCWTaJ8AUhpCwt2K",
      "version": "3.2.0",
      "dependencies": {},
      "lang": "ts",
      "fileLocks": [
        {
          "assetId": "58GpZjZCWTaJ8AUhpCwt2K",
          "type": "projectCss",
          "checksum": "203eab818de16ff03ef7f22934a9c9f1"
        }
      ],
      "codegenVersion": "0.0.1"
    },
    {
      "projectId": "caTPwKxj5ZrD9LQ7DMdK4Z",
      "version": "3.3.0",
      "dependencies": {},
      "lang": "ts",
      "fileLocks": [
        {
          "assetId": "caTPwKxj5ZrD9LQ7DMdK4Z",
          "type": "projectCss",
          "checksum": "ab083ab952f1c389c64ad1714f567cde"
        }
      ],
      "codegenVersion": "0.0.1"
    },
    {
      "projectId": "enk3K4vZ6pmH6kVCoZJXGn",
      "version": "4.2.0",
      "dependencies": {},
      "lang": "ts",
      "fileLocks": [
        {
          "assetId": "enk3K4vZ6pmH6kVCoZJXGn",
          "type": "projectCss",
          "checksum": "d1f75498bd54dd0b6999708e1917194a"
        }
      ],
      "codegenVersion": "0.0.1"
    },
    {
      "projectId": "seaQhLVS4bbjiGvJJrRwyL",
      "version": "15.1.2",
      "dependencies": {},
      "lang": "ts",
      "fileLocks": [
        {
          "assetId": "seaQhLVS4bbjiGvJJrRwyL",
          "type": "projectCss",
          "checksum": "44e869f06ca57ca29203cf96142716a6"
        }
      ],
      "codegenVersion": "0.0.1"
    },
    {
      "projectId": "sjVjhDwAwAnzPPjTJm6wuM",
      "version": "latest",
      "dependencies": {
        "seaQhLVS4bbjiGvJJrRwyL": "15.1.2",
        "enk3K4vZ6pmH6kVCoZJXGn": "4.2.0",
        "caTPwKxj5ZrD9LQ7DMdK4Z": "3.3.0",
        "58GpZjZCWTaJ8AUhpCwt2K": "3.2.0",
        "84wxoth5npGrp6RRXPL88z": "4.2.0"
      },
      "lang": "ts",
      "fileLocks": [
        {
          "type": "globalVariant",
          "assetId": "pCQVwGHbhXBxmj",
          "checksum": "90e7002016515439c55e8cb3a2932c31"
        },
        {
          "assetId": "sjVjhDwAwAnzPPjTJm6wuM",
          "checksum": "b6315995dfe7a70862e0630ca9792b2c",
          "type": "globalContexts"
        },
        {
          "type": "renderModule",
          "assetId": "r_jYinXni53Wi6",
          "checksum": "efba2fb80bd4cbf6711878c34a725696"
        },
        {
          "type": "cssRules",
          "assetId": "r_jYinXni53Wi6",
          "checksum": "efba2fb80bd4cbf6711878c34a725696"
        },
        {
          "type": "renderModule",
          "assetId": "5QsQ8ngFZw-K_g",
          "checksum": "ffeb64f07df8c36c3063254542454046"
        },
        {
          "type": "cssRules",
          "assetId": "5QsQ8ngFZw-K_g",
          "checksum": "ffeb64f07df8c36c3063254542454046"
        },
        {
          "type": "renderModule",
          "assetId": "P-H-3Rnl6IFnul",
          "checksum": "ffc27d7fe5272f5e7eb3a420f5c0cb8c"
        },
        {
          "type": "cssRules",
          "assetId": "P-H-3Rnl6IFnul",
          "checksum": "ffc27d7fe5272f5e7eb3a420f5c0cb8c"
        },
        {
          "type": "renderModule",
          "assetId": "59kO2da3RpP1uF",
          "checksum": "1053ff79092046b3a399345c495fe5ca"
        },
        {
          "type": "cssRules",
          "assetId": "59kO2da3RpP1uF",
          "checksum": "1053ff79092046b3a399345c495fe5ca"
        },
        {
          "type": "renderModule",
          "assetId": "7mTzTuLk_-7aUm",
          "checksum": "6b7fcb5986ef3e60e1c197b4e61e1ff2"
        },
        {
          "type": "cssRules",
          "assetId": "7mTzTuLk_-7aUm",
          "checksum": "6b7fcb5986ef3e60e1c197b4e61e1ff2"
        },
        {
          "type": "renderModule",
          "assetId": "ze2FcYh4zCZ3rm",
          "checksum": "d9efdcc085d9321cdf8236e21b000dc6"
        },
        {
          "type": "cssRules",
          "assetId": "ze2FcYh4zCZ3rm",
          "checksum": "d9efdcc085d9321cdf8236e21b000dc6"
        },
        {
          "type": "renderModule",
          "assetId": "3D6_6FjgJJmjcZ",
          "checksum": "c6408bb7c1218e45cf056a74bcfd69ae"
        },
        {
          "type": "cssRules",
          "assetId": "3D6_6FjgJJmjcZ",
          "checksum": "c6408bb7c1218e45cf056a74bcfd69ae"
        },
        {
          "type": "renderModule",
          "assetId": "B_aiXF_TVy1fAh",
          "checksum": "fdc7c472fe536d29281b176796ca3e58"
        },
        {
          "type": "cssRules",
          "assetId": "B_aiXF_TVy1fAh",
          "checksum": "fdc7c472fe536d29281b176796ca3e58"
        },
        {
          "type": "renderModule",
          "assetId": "kBMhsUTqQXy9Id",
          "checksum": "fcb38340658a62cc614cbbf67a2261d3"
        },
        {
          "type": "cssRules",
          "assetId": "kBMhsUTqQXy9Id",
          "checksum": "fcb38340658a62cc614cbbf67a2261d3"
        },
        {
          "type": "renderModule",
          "assetId": "b4P9BsA4mbFB64",
          "checksum": "1d4155ffd8d7ecd5a78dc34a37ac15f6"
        },
        {
          "type": "cssRules",
          "assetId": "b4P9BsA4mbFB64",
          "checksum": "1d4155ffd8d7ecd5a78dc34a37ac15f6"
        },
        {
          "type": "renderModule",
          "assetId": "ysnBIiIYbmeY5k",
          "checksum": "4c1c9fb4e099c3568bb2132eb9cb6edd"
        },
        {
          "type": "cssRules",
          "assetId": "ysnBIiIYbmeY5k",
          "checksum": "4c1c9fb4e099c3568bb2132eb9cb6edd"
        },
        {
          "type": "renderModule",
          "assetId": "kLkwchNGAtTh5P",
          "checksum": "a52abaad5e3d48ce39808da18a54e95b"
        },
        {
          "type": "cssRules",
          "assetId": "kLkwchNGAtTh5P",
          "checksum": "a52abaad5e3d48ce39808da18a54e95b"
        },
        {
          "type": "renderModule",
          "assetId": "7hmLk_KxVSEe3t",
          "checksum": "9e5da88eb2f8a298c744b686ba852bc3"
        },
        {
          "type": "cssRules",
          "assetId": "7hmLk_KxVSEe3t",
          "checksum": "9e5da88eb2f8a298c744b686ba852bc3"
        },
        {
          "type": "renderModule",
          "assetId": "oWYT0gs3X9I9Bn",
          "checksum": "1b5640d0c535df185c51073b3732426a"
        },
        {
          "type": "cssRules",
          "assetId": "oWYT0gs3X9I9Bn",
          "checksum": "1b5640d0c535df185c51073b3732426a"
        },
        {
          "type": "renderModule",
          "assetId": "1xZIsNJN4DGf9",
          "checksum": "321094d38d5c153a6ff1e3049b0aa21a"
        },
        {
          "type": "cssRules",
          "assetId": "1xZIsNJN4DGf9",
          "checksum": "321094d38d5c153a6ff1e3049b0aa21a"
        },
        {
          "type": "renderModule",
          "assetId": "605jNZXoYd37ue",
          "checksum": "b778dd804de93c8e2ae00a6a80d573fd"
        },
        {
          "type": "cssRules",
          "assetId": "605jNZXoYd37ue",
          "checksum": "b778dd804de93c8e2ae00a6a80d573fd"
        },
        {
          "type": "renderModule",
          "assetId": "gbtCIp63Hm81dc",
          "checksum": "525c1e7092478cf2f142523abfc20d82"
        },
        {
          "type": "cssRules",
          "assetId": "gbtCIp63Hm81dc",
          "checksum": "525c1e7092478cf2f142523abfc20d82"
        },
        {
          "type": "renderModule",
          "assetId": "2z-AxOM-C3amzu",
          "checksum": "46efd4e8eb3bd302e0ba3b7c21fd26a4"
        },
        {
          "type": "cssRules",
          "assetId": "2z-AxOM-C3amzu",
          "checksum": "46efd4e8eb3bd302e0ba3b7c21fd26a4"
        },
        {
          "type": "renderModule",
          "assetId": "gsFwieph5Oti3_",
          "checksum": "854c057a20e4d0abc8a90b653eb054cb"
        },
        {
          "type": "cssRules",
          "assetId": "gsFwieph5Oti3_",
          "checksum": "854c057a20e4d0abc8a90b653eb054cb"
        },
        {
          "type": "renderModule",
          "assetId": "RvR1m9J07KZeiI",
          "checksum": "6486d4f81a75376d758aa74eff4e174f"
        },
        {
          "type": "cssRules",
          "assetId": "RvR1m9J07KZeiI",
          "checksum": "6486d4f81a75376d758aa74eff4e174f"
        },
        {
          "type": "renderModule",
          "assetId": "LBPMiNjNaA93E5",
          "checksum": "6ff7cf56b077d71b3226cffdb79a22dc"
        },
        {
          "type": "cssRules",
          "assetId": "LBPMiNjNaA93E5",
          "checksum": "6ff7cf56b077d71b3226cffdb79a22dc"
        },
        {
          "type": "renderModule",
          "assetId": "vPms2ampwPsR50",
          "checksum": "dc8d3d1fd520191dfb7565a15dc1934b"
        },
        {
          "type": "cssRules",
          "assetId": "vPms2ampwPsR50",
          "checksum": "dc8d3d1fd520191dfb7565a15dc1934b"
        },
        {
          "type": "renderModule",
          "assetId": "UTO8WbDRzxIl4V",
          "checksum": "0106b79e7a024588933d34bfb92bb348"
        },
        {
          "type": "cssRules",
          "assetId": "UTO8WbDRzxIl4V",
          "checksum": "0106b79e7a024588933d34bfb92bb348"
        },
        {
          "type": "renderModule",
          "assetId": "waiFWKvXT1xoLh",
          "checksum": "b370405f3e36270201c8959c196d4355"
        },
        {
          "type": "cssRules",
          "assetId": "waiFWKvXT1xoLh",
          "checksum": "b370405f3e36270201c8959c196d4355"
        },
        {
          "type": "icon",
          "assetId": "EI-h-RaqbBFLXd",
          "checksum": "0dd015cef70d3412f65028827c21c87b"
        },
        {
          "type": "icon",
          "assetId": "mz75kWyC-9Q_d2",
          "checksum": "fc4a47057d967f8093ca42b12080126e"
        },
        {
          "type": "icon",
          "assetId": "QdQ-ubROjf-qrL",
          "checksum": "eac91a8359033d74102b8b9ce924dc8d"
        },
        {
          "type": "icon",
          "assetId": "8W1JwPV5YWzsAF",
          "checksum": "31ce70b07978fe8295a0c05238c519cc"
        },
        {
          "type": "icon",
          "assetId": "Je5DF38UZGEgnB",
          "checksum": "f03b1a6ff4acb59b73ba289a477504c3"
        },
        {
          "type": "icon",
          "assetId": "sPCmogus4ouA9k",
          "checksum": "6df254de4bc15ff54acf047b3d3a0fba"
        },
        {
          "type": "icon",
          "assetId": "H-iJq0bUoQ97DL",
          "checksum": "fc857336d6e772a8221ffe609c569edc"
        },
        {
          "type": "icon",
          "assetId": "1JkRJedt6l5M0H",
          "checksum": "25412dab652491c607b6dd913784ca70"
        },
        {
          "type": "icon",
          "assetId": "1iS8qc8aNS9fy4",
          "checksum": "bc341790e30b03749fae80c01bbda923"
        },
        {
          "type": "icon",
          "assetId": "MEgNJoesY0EYmh",
          "checksum": "790aef74b00054b78950f7932fbc2191"
        },
        {
          "type": "icon",
          "assetId": "N_Iyi0tqfvirEV",
          "checksum": "7e551a3ea8e47d8f8e4cd2cbf1cbaf31"
        },
        {
          "type": "icon",
          "assetId": "gSPNBHyeoSUS1D",
          "checksum": "a28a6c091e9ba7ba31ae57fac9955524"
        },
        {
          "type": "icon",
          "assetId": "kcWa-tiMAFkxpO",
          "checksum": "6a016abd84b2ac523736fda90c25f2d1"
        },
        {
          "type": "icon",
          "assetId": "mSfDczBcG5IH9j",
          "checksum": "e9dd54a357e55c668d31de6b8967faa8"
        },
        {
          "type": "icon",
          "assetId": "IyV8vZPN-_rOQp",
          "checksum": "b0371b1bb2516c133f246eba0fdbb680"
        },
        {
          "type": "icon",
          "assetId": "84ySjCGX-z1X_P",
          "checksum": "c6dcc358b24647e54203e96e2ed2062e"
        },
        {
          "type": "icon",
          "assetId": "42-0lsJM221u2m",
          "checksum": "425f4141ef06cb817934bcfc9e97fba5"
        },
        {
          "type": "icon",
          "assetId": "esL-uIx5dqaSMo",
          "checksum": "e336a68f7a858ff5c26ca78c10f54e3b"
        },
        {
          "type": "icon",
          "assetId": "6E0DD-0IRv50Gh",
          "checksum": "4e01b8f652004e3f76fff17eb22c8fbb"
        },
        {
          "type": "icon",
          "assetId": "nIQZpWDwYtcGUP",
          "checksum": "d21c59a30c609385e2880e0b4921a8ea"
        },
        {
          "type": "icon",
          "assetId": "Q-1wMdW2K9OR5W",
          "checksum": "2f87b13f2cc5795b5ecaabb3679452ce"
        },
        {
          "type": "icon",
          "assetId": "GNPBDMdbqIMo5i",
          "checksum": "774b67cf4ccda36224ea98af95a12904"
        },
        {
          "type": "image",
          "assetId": "pX26LVEXyqEPmz",
          "checksum": "29fe221f937f1f50d4c532ab6044f10c"
        },
        {
          "type": "image",
          "assetId": "9dQhUwW97l0K_-",
          "checksum": "282d6f87630cc9c5151864a703606c1b"
        },
        {
          "type": "image",
          "assetId": "TF630Wlsr6fWs2",
          "checksum": "a83cdf17420a1a2c6c7c1b0f62b6165c"
        },
        {
          "type": "image",
          "assetId": "pWN9MZkUZ7zyqu",
          "checksum": "aea11e1b579fc5269f1b121f99a25812"
        },
        {
          "type": "image",
          "assetId": "fVsf4WhEiCB5QK",
          "checksum": "f849ebd15c1fe5d762b9710bf25d358e"
        },
        {
          "type": "image",
          "assetId": "nTBqC42wkHRtvG",
          "checksum": "e17a892cc3a291314003f8cf59930dad"
        },
        {
          "type": "image",
          "assetId": "Uo5IcmNmDpkg8U",
          "checksum": "4edf51e5aa629e020a717dba6503e788"
        },
        {
          "type": "image",
          "assetId": "RpDH4SDBpvXOUQ",
          "checksum": "5ef25e7d9873e16740bde5351c929f47"
        },
        {
          "type": "image",
          "assetId": "egEqiiTDh296i_",
          "checksum": "1b99000aacd6bc63699539693a111269"
        },
        {
          "type": "image",
          "assetId": "gC4SRi1DypsdB4",
          "checksum": "014755379f510eac295bf08b628358bf"
        },
        {
          "type": "image",
          "assetId": "nTCsFwsodirDO9",
          "checksum": "efbfeeb754fe8eac9edf121d8e23faa8"
        },
        {
          "type": "image",
          "assetId": "fs7hmWKli5hqop",
          "checksum": "dbcce104fddd5137e4a110b2c2f9aa54"
        },
        {
          "type": "image",
          "assetId": "qqqehGgMNfQ6Fb",
          "checksum": "a9222eb2289c7a30ea2a47655a32f9d1"
        },
        {
          "type": "image",
          "assetId": "QGn5xG-MbGdCLF",
          "checksum": "94cda35cd27268c078db2b86eeec75cf"
        },
        {
          "type": "image",
          "assetId": "j2CkgUtAYyjKeT",
          "checksum": "9350fcca3915d4b94fa6a0d3e0205340"
        },
        {
          "type": "image",
          "assetId": "WPvteivZPzwRkx",
          "checksum": "e4d860c6954b1f542ee0cb0b63db2e14"
        },
        {
          "type": "image",
          "assetId": "fbJrWwykEYHlmV",
          "checksum": "13faa07f3f9c94be2bde7cff034ecb25"
        },
        {
          "type": "image",
          "assetId": "4ZP2PMYxe41ydO",
          "checksum": "19107f3075981c19fb2e7105eb0164fb"
        },
        {
          "type": "image",
          "assetId": "-d9Ce9X5p4Uxqp",
          "checksum": "781153464cf2f677835a53164d6a5ac4"
        },
        {
          "type": "image",
          "assetId": "ekLHr22UlmbAZi",
          "checksum": "d7b7cbb7219a0626a9d6a7ffcc416d0b"
        },
        {
          "type": "image",
          "assetId": "0nwFm94_AZHBlw",
          "checksum": "e786b8ad880909a1858801a9eb32a49c"
        },
        {
          "type": "image",
          "assetId": "tJxfVjc7aD7hSo",
          "checksum": "bc3473b5660084db502a7533752d7b9e"
        },
        {
          "type": "image",
          "assetId": "jWLJXu5apadxQO",
          "checksum": "488c74cbb1e256146a9f263db102a618"
        },
        {
          "type": "image",
          "assetId": "kdb4iap3Z7DLGP",
          "checksum": "21dcc2f25e4a8bccba9fec62259e9cf5"
        },
        {
          "type": "image",
          "assetId": "3Tuv4lQWpYGj-9",
          "checksum": "34a6780cd1aecce84afe81e255602af6"
        },
        {
          "type": "image",
          "assetId": "oFYaTi68w4MKV7",
          "checksum": "4f8b27daa09dc78a4ad5e12241e8eaba"
        },
        {
          "type": "image",
          "assetId": "hnf2B3ndOioeA-",
          "checksum": "542976918c43c405d2984fe64af52486"
        },
        {
          "type": "image",
          "assetId": "HoUBIbc1fdc-RW",
          "checksum": "99650749b43b37c94435449e6536d07b"
        },
        {
          "type": "image",
          "assetId": "mTMoITCk5nUEu8",
          "checksum": "52b298ed018dce20c27b01ca40131454"
        },
        {
          "type": "image",
          "assetId": "3QqMqrQrmcooRT",
          "checksum": "cec534d8e34a493e54dd05d9d3867540"
        },
        {
          "type": "image",
          "assetId": "njNupR06o9JVyI",
          "checksum": "87c4ca7a48c0680beeaef1553e1dc4fc"
        },
        {
          "type": "image",
          "assetId": "q9uHriZ8NV2yxu",
          "checksum": "caf512e44f2a915a95c0b8f8fa49e60f"
        },
        {
          "type": "image",
          "assetId": "dH2hd04b5wIL21",
          "checksum": "c85b633bd61fa18123220fa8c751249a"
        },
        {
          "type": "image",
          "assetId": "qIyKygUEJdgYlG",
          "checksum": "8b0688f48c4efa147d0800d3be90ec52"
        },
        {
          "type": "image",
          "assetId": "QdJlou8xGKFmb-",
          "checksum": "05e5f0906c51eacb7b88a29ef56b0f65"
        },
        {
          "type": "image",
          "assetId": "unLO44DZad2UXW",
          "checksum": "0bcd9572fee37f424d84ac79179c0841"
        },
        {
          "type": "image",
          "assetId": "Dzhz02xQGXq81w",
          "checksum": "73031ca372bee68c868bb18863bd2a40"
        },
        {
          "type": "image",
          "assetId": "UrnJfesZTRxGN7",
          "checksum": "e1908c6e55727bec13bb61ffa1ae8769"
        },
        {
          "type": "image",
          "assetId": "3IYG8FcRdN1_ZL",
          "checksum": "ef1fcd8e25c2f4ba25c58a38f6f702e4"
        },
        {
          "type": "image",
          "assetId": "IFxHGj403KFNSK",
          "checksum": "73f41057de589e286e6fb3d638545305"
        },
        {
          "type": "image",
          "assetId": "dqwM1Zuk2N9efN",
          "checksum": "7a2204ce40e8f6ddfd8557d1b2a34b2a"
        },
        {
          "type": "image",
          "assetId": "DqmiOuf8YJccIY",
          "checksum": "42c913b45b4fa207017e3c1b375ee9d0"
        },
        {
          "type": "image",
          "assetId": "eo0gReTgIlzo1p",
          "checksum": "299d263a8c91dbdd1d92241a1e40e198"
        },
        {
          "type": "image",
          "assetId": "-pCCdIYvuKbxqk",
          "checksum": "f0d1f2d0409b074ed5746f9eecbe7b7d"
        },
        {
          "type": "image",
          "assetId": "60wVqzduVAG8u4",
          "checksum": "287e6866835aa489301cb608acfe2326"
        },
        {
          "type": "image",
          "assetId": "5lFwadf8OuFCeP",
          "checksum": "909a246352fef36011917677acb61eca"
        },
        {
          "type": "image",
          "assetId": "5jqb-9r2Topb4e",
          "checksum": "55216a62db53d37580a7d43a155b958f"
        },
        {
          "type": "image",
          "assetId": "ze6VzzU6hMlOyR",
          "checksum": "6f1a93711566075f6c5e11b352af8ab0"
        },
        {
          "type": "image",
          "assetId": "O6ZaXP6YAg9IZZ",
          "checksum": "bdd865a7aca2d4201caff1df9ec6a376"
        },
        {
          "type": "image",
          "assetId": "B9__kBblzmOum1",
          "checksum": "ba38a829cf8f34c1ab0e474d44877ce0"
        },
        {
          "type": "image",
          "assetId": "hFqWxqyrBalN2d",
          "checksum": "d99dd6bed372a0cf9268d96b76ae9909"
        },
        {
          "type": "image",
          "assetId": "tJinjjT4s1ewBc",
          "checksum": "873de47f268c338936cc2263df60ee31"
        },
        {
          "type": "image",
          "assetId": "SVNLDMVVduPo1u",
          "checksum": "a890ad17309a79e9bee7c416394fecba"
        },
        {
          "type": "image",
          "assetId": "vJF8TYeI36XHLE",
          "checksum": "bdc3d0cbeb4afe4fe6224b225bd3eb56"
        },
        {
          "type": "image",
          "assetId": "kDcf__HC1e4tyd",
          "checksum": "d2be4c21ca66b1f0eb7d4594de1ec696"
        },
        {
          "type": "image",
          "assetId": "-PFxd3uHox3P0a",
          "checksum": "f5a219712356949bc0c486d7f8513464"
        },
        {
          "type": "image",
          "assetId": "uwCLpDxXJg9QTB",
          "checksum": "1cac771b3a9d646cdf8036f4992134f4"
        },
        {
          "type": "image",
          "assetId": "CE79xE9pcCTGLR",
          "checksum": "99ac98e7e1c11f4f9f1ec29fe120ca23"
        },
        {
          "type": "image",
          "assetId": "UMUG6MERnd-HG-",
          "checksum": "b9163e471bd10d646ed49efebd7249f7"
        },
        {
          "type": "image",
          "assetId": "JJyS8J_hP_w3_B",
          "checksum": "87839ee51b4fe9d5973c3350730099e5"
        },
        {
          "type": "image",
          "assetId": "aa4p28mML_KJ42",
          "checksum": "bf557322383089502d234274b6ebe1f0"
        },
        {
          "type": "image",
          "assetId": "1Gb1fnb9qu49df",
          "checksum": "53f3c826d826b5472762e541bb5054e8"
        },
        {
          "type": "image",
          "assetId": "Iy-WJ3BTGAhCK0",
          "checksum": "ba568a446637f59cfa2866b1b38d7d12"
        },
        {
          "type": "image",
          "assetId": "OZDxYc6VrD0Qtf",
          "checksum": "bde534439fff55a300d3849829c27959"
        },
        {
          "type": "image",
          "assetId": "W689Vr0cWYwxo0",
          "checksum": "fe3c4dde5496dce05dfd5924a0e4b977"
        },
        {
          "type": "image",
          "assetId": "hpcktr9AP3ZYhg",
          "checksum": "5deb6e059a973f44aaaa3ff2ced71ef1"
        },
        {
          "type": "image",
          "assetId": "XpdtM8G-oe8VF1",
          "checksum": "62c8cce9f93e139ffc07a903e9ce051d"
        },
        {
          "type": "image",
          "assetId": "IkqtYdDqO2DOcQ",
          "checksum": "3f145bfc308bad518562641c53aca434"
        },
        {
          "type": "image",
          "assetId": "DzjBq5tvfx5wU2",
          "checksum": "cf0800772bbaac8c6ba1fe5795751a99"
        },
        {
          "type": "image",
          "assetId": "1FUWY6ViItRy9D",
          "checksum": "a04bab07e4100fac7dfb456cdcf7d363"
        },
        {
          "type": "image",
          "assetId": "zL8oVOAMHPKEBm",
          "checksum": "7a6ecdd043e835dc802b28c54eae8d32"
        },
        {
          "type": "image",
          "assetId": "MNfYq6pLQEDRlP",
          "checksum": "6cfe63592b713113e0b29c2e805c21b3"
        },
        {
          "type": "image",
          "assetId": "QftcbygDPBYUAH",
          "checksum": "82a9b021444c58b90e6dd3396b39148e"
        },
        {
          "type": "image",
          "assetId": "_4EfQR-CAciU_B",
          "checksum": "cd8cf003f9dcf1a8fe1227675a12a5cb"
        },
        {
          "type": "image",
          "assetId": "CsrT_MIrtqPP9o",
          "checksum": "300fa3e30b39760775ffe3ae0359b9b1"
        },
        {
          "type": "image",
          "assetId": "dvEPrbteGCUOuc",
          "checksum": "b4e57314d1a4935b7a5c39f807c14ffa"
        },
        {
          "type": "image",
          "assetId": "uLWg1xwe2XX5d6",
          "checksum": "cb281ccf7a4a10836d2aeb8d213fb9b1"
        },
        {
          "type": "image",
          "assetId": "lBAFPRfpxS4PIZ",
          "checksum": "760901e905fa7458dc8297ae36836ba3"
        },
        {
          "type": "image",
          "assetId": "ibfeYMKWbl7H4q",
          "checksum": "135bb0ea5f0b8abf3ab708a411519cde"
        },
        {
          "type": "image",
          "assetId": "dhoqdTai-DOrZv",
          "checksum": "09ed109c2c0585f85eaaea59820186b8"
        },
        {
          "type": "image",
          "assetId": "8nxtksh6BmAuir",
          "checksum": "c6a7b1ca89f809ef33d863999ee22efa"
        },
        {
          "type": "image",
          "assetId": "6upYSfe5ZhQxjf",
          "checksum": "a0e12911ea48da1a087df26d1726bebd"
        },
        {
          "type": "image",
          "assetId": "WR51epKh0Ra7AX",
          "checksum": "f2a23cca1a48c7341b2222f2742a040e"
        },
        {
          "type": "image",
          "assetId": "PFvEj_ypUJ8Win",
          "checksum": "8db6058f94525cd9ea7c7ba1e60be2dc"
        },
        {
          "type": "image",
          "assetId": "gunBIVgGSPmxyG",
          "checksum": "0ce5884628a57d4af7a703a3e1cea602"
        },
        {
          "type": "image",
          "assetId": "AgtWJbg7hE0_6M",
          "checksum": "80ecb69ab98303293013f79edbbb1ef4"
        },
        {
          "type": "image",
          "assetId": "c1JeL7ePEWHlWb",
          "checksum": "42b17d8a076e662079ea06019925ca84"
        },
        {
          "type": "image",
          "assetId": "EjJ10mMDZVs_CY",
          "checksum": "e3494fb97505ae1f72a58d507b866505"
        },
        {
          "type": "image",
          "assetId": "VWr5ed_tmMgud-",
          "checksum": "f56e6aceadb641d29365cdba12f20a3a"
        },
        {
          "type": "image",
          "assetId": "RhsBcpzN7Dj0TS",
          "checksum": "bb955d82b14074fc7e0ac44445704296"
        },
        {
          "type": "image",
          "assetId": "ryoygNjB3EyNQV",
          "checksum": "5d35b7f4c393058975f8067db23b4b43"
        },
        {
          "type": "image",
          "assetId": "7Av6Odybm8b4WC",
          "checksum": "e0bb966003e0f5d757386b1f1426687b"
        },
        {
          "type": "image",
          "assetId": "AMql8uU_bHbKJx",
          "checksum": "6d465015b182580779ffe16438f3fa13"
        },
        {
          "type": "image",
          "assetId": "smdLR_OxGg_OyU",
          "checksum": "55a58e91dc0f09c77d6ca5c485ecd964"
        },
        {
          "type": "image",
          "assetId": "hOxbq3gyN1otPN",
          "checksum": "3ebb59c1958bf8ef62cf590139abf35b"
        },
        {
          "type": "image",
          "assetId": "ADG7jvchmndBYn",
          "checksum": "ab4644e8727c0e7797575960da1d3cef"
        },
        {
          "type": "image",
          "assetId": "Nfmm2HBUuYgowS",
          "checksum": "0ca0563c09743d8c2e23329e4b7a1be4"
        },
        {
          "type": "image",
          "assetId": "AXjBcSbcDpOtcP",
          "checksum": "f4d8171b03b2a81d17bd031c22576ced"
        },
        {
          "type": "image",
          "assetId": "Bwggb3g9c3MgoB",
          "checksum": "3b82552576633241651112d6d6c60b7f"
        },
        {
          "type": "image",
          "assetId": "jQ4aHE9ldfBAnQ",
          "checksum": "4055b7b3073d931a35ed4cc7eec0d329"
        },
        {
          "type": "image",
          "assetId": "F3CsZIEoLIf6vU",
          "checksum": "f416c73edb33f6cf29882340512ffa97"
        },
        {
          "type": "image",
          "assetId": "hRGhJaEhpr2vkU",
          "checksum": "46ad2118abebe6ae4612068b5432cbf5"
        },
        {
          "type": "image",
          "assetId": "CknGjUv8L9nfkV",
          "checksum": "05d05f5b28dde6cdf641a5699471fe6f"
        },
        {
          "type": "image",
          "assetId": "KN8ns86uXLXr6r",
          "checksum": "2c68b78c6fd475447faf5dc9551d45ab"
        },
        {
          "type": "image",
          "assetId": "N_gwpTp4aUybM5",
          "checksum": "9cb5c44a8319a146e5f21c299cfd09f9"
        },
        {
          "type": "image",
          "assetId": "hyxTAtgq8v8S1j",
          "checksum": "f9e8673da4a70e5366c26989947f5ad4"
        },
        {
          "type": "image",
          "assetId": "rykuS8P2R9sBXE",
          "checksum": "4c1cfd399d127493309c7ed063d1ff7a"
        },
        {
          "type": "image",
          "assetId": "Z93RAxnYw5Pp9X",
          "checksum": "51149341e626fe30f9dfc1687294a15b"
        },
        {
          "type": "image",
          "assetId": "PRCJW7P9S5hBwH",
          "checksum": "8945c6874023571ffd2e9624cba7e28e"
        },
        {
          "type": "image",
          "assetId": "wGnPWIqSzHRdok",
          "checksum": "67689eb47a8a0e39f527794514720123"
        },
        {
          "type": "image",
          "assetId": "94z_8ViUNLhmpc",
          "checksum": "a4d74ada2976a06adce805639fe7919a"
        },
        {
          "type": "image",
          "assetId": "6qNCuPsl5oqAcY",
          "checksum": "eaebaafb38832ca0a1127807fca9b975"
        },
        {
          "type": "image",
          "assetId": "f-XblAuqqWJ4H_",
          "checksum": "bc43f1100cb3b194ff9729a7c7ebc808"
        },
        {
          "type": "image",
          "assetId": "09t-cL_0wqXl9T",
          "checksum": "96108a180584892944edecf4f5da0496"
        },
        {
          "type": "image",
          "assetId": "2wdbjCqg8NyiIF",
          "checksum": "5729e6c7cafada3ba221868d4de61067"
        },
        {
          "type": "image",
          "assetId": "D58SaJ8ZDvN3oq",
          "checksum": "7fed9deb2b874309e5fbd06a63aed7a3"
        },
        {
          "type": "image",
          "assetId": "u1daMrSdKJ_43h",
          "checksum": "a821f2c3298ba74f2a8aa1d41271775f"
        },
        {
          "type": "image",
          "assetId": "ucdvICS9-V7c_n",
          "checksum": "8fc1f9bd86b27623d316e24adf012497"
        },
        {
          "type": "image",
          "assetId": "PPfUIXw4QplOfx",
          "checksum": "c41ec307db3f8415e3b5b6cee215c9ac"
        },
        {
          "type": "image",
          "assetId": "vcws5TS_xeF1bw",
          "checksum": "acf4d431936bf8c6ba75eb0e9c7b7507"
        },
        {
          "type": "image",
          "assetId": "diGHGCn05LsWm4",
          "checksum": "872bb47c82914b925c260106ad07a44c"
        },
        {
          "type": "image",
          "assetId": "Vg1ZzX8UT4uroP",
          "checksum": "6a655298e006296657ac8f0c2a3c8194"
        },
        {
          "type": "image",
          "assetId": "0ELUVjoXKaoHic",
          "checksum": "29619093e4eb2f6af2b4fe39075a1225"
        },
        {
          "type": "image",
          "assetId": "bQei71qX3ykyLs",
          "checksum": "a5ba1c52f8629da9c21c65f3862570d7"
        },
        {
          "type": "image",
          "assetId": "DDaYZ2F5G5EofA",
          "checksum": "63096b654ff5b8d3b10e33bc2157e833"
        },
        {
          "type": "image",
          "assetId": "s824WqbuSijVZm",
          "checksum": "2ef29b20173f73513e26b6afdaab5ffb"
        },
        {
          "type": "image",
          "assetId": "wrCZ0z6feb7pLh",
          "checksum": "63f6891cb038946ad3e975c53db0aa42"
        },
        {
          "type": "image",
          "assetId": "ZxM3rtYjihnTzy",
          "checksum": "95a0ffeb45a9fdec2498e75204be3ee9"
        },
        {
          "type": "image",
          "assetId": "_bSQIvIMEUt548",
          "checksum": "0dbf36712ae4592cffd379d5c6b066e8"
        },
        {
          "type": "image",
          "assetId": "RZTIL8L--UulBS",
          "checksum": "4ff45eb28cf49eaf9c8b0ed6c32bece1"
        },
        {
          "type": "image",
          "assetId": "TpyJAmozb2Q4j3",
          "checksum": "175571f88f30d0738b87e7b2c3507ed8"
        },
        {
          "type": "image",
          "assetId": "J-w700tD5D1FkZ",
          "checksum": "68e4dbeb2f1681847a7f677f2b828110"
        },
        {
          "type": "image",
          "assetId": "xqiQhTI_5jFXsM",
          "checksum": "8509a539ea9afc89e9c801e5934de003"
        },
        {
          "type": "image",
          "assetId": "nrgeY5MpHxyHtn",
          "checksum": "0c86e59e30b2ed160d7e5f810a9cb270"
        },
        {
          "type": "image",
          "assetId": "Hwb8EH4iSIGwDj",
          "checksum": "a3e5188f6af0ed04cc3b2a666b9a73ee"
        },
        {
          "type": "image",
          "assetId": "uPR11mrBRN7LHo",
          "checksum": "7336475a12c965744ce5e9e42d0d4c1b"
        },
        {
          "type": "image",
          "assetId": "bikhgR10v32YiR",
          "checksum": "359933c1dfc689f1ff0a24b4a95cd1d8"
        },
        {
          "type": "image",
          "assetId": "_It0AVyok_Zg9Z",
          "checksum": "6739dc2d8360e0d1082c049180f4f3b7"
        },
        {
          "type": "image",
          "assetId": "gso0TEcAYAK3_H",
          "checksum": "1226531b02f35db24ab2172b9778cbee"
        },
        {
          "type": "image",
          "assetId": "XJQRoIwxeE-ohF",
          "checksum": "01ac1bff05feb49da82ba95b03ea43f0"
        },
        {
          "type": "image",
          "assetId": "IcMEdcTxAMgnhy",
          "checksum": "be861489aae276998cb5597150b4264d"
        },
        {
          "type": "image",
          "assetId": "DCMHyid0kNZoYn",
          "checksum": "f6959e25ebfc475cfb63a9b64d3b2cc3"
        },
        {
          "type": "image",
          "assetId": "GAcSAN0C-xqrBN",
          "checksum": "061fc39627be6d002ae5f856882010f1"
        },
        {
          "type": "image",
          "assetId": "T0VSdM1XntASdR",
          "checksum": "9d28075d8b59473dbc8b2b96e51b46d9"
        },
        {
          "type": "image",
          "assetId": "B2ZcGP-ZezejY9",
          "checksum": "7d8e3a153ddfe8d44380263b07e35378"
        },
        {
          "type": "image",
          "assetId": "pXE2ZjMOo0Be1X",
          "checksum": "783921bd5dd24257212dccb22924f0d3"
        },
        {
          "type": "image",
          "assetId": "HHLR4IIJyg4mku",
          "checksum": "8c61f776bb5ddb9a4052cca6d4ae8af2"
        },
        {
          "type": "image",
          "assetId": "PSU4eQSndo6Lmq",
          "checksum": "d4676159c8299ae17550bfd31eb2bca3"
        },
        {
          "type": "image",
          "assetId": "7FLJmAkCUeqXx1",
          "checksum": "2b60124e5f7523287f5c5c42dda427a5"
        },
        {
          "type": "image",
          "assetId": "pvgUzbRiGd0Ws1",
          "checksum": "97fb5b61339fa7b088303dccc72c8582"
        },
        {
          "type": "image",
          "assetId": "g3v4c1vximpn6G",
          "checksum": "7ab6359a4a2187bdcaf9dfa5cdb0d770"
        },
        {
          "type": "image",
          "assetId": "z8ilhkQNzavcku",
          "checksum": "94ad395efd4fa53edb5c6df53ab315db"
        },
        {
          "type": "image",
          "assetId": "eUhngB4AuzZ1dQ",
          "checksum": "2a78992368136c0882f8cd16db049b84"
        },
        {
          "type": "image",
          "assetId": "0UfGQ2hZOEtUHt",
          "checksum": "07f9ccd50f5ab613e2e775db33891413"
        },
        {
          "type": "image",
          "assetId": "1gv4k1nSSH79Dx",
          "checksum": "1557cf70a8ce09fe736a6f063c8e1584"
        },
        {
          "type": "image",
          "assetId": "1fkcJGNVOpZjht",
          "checksum": "43950c110c0e3ecf55826b2e3adcbee9"
        },
        {
          "type": "image",
          "assetId": "M9ukJBoyEAUDQ7",
          "checksum": "5ec1d80dfefa7116c3b3e3fd73ed9abe"
        },
        {
          "type": "image",
          "assetId": "c6GZF5ftsHYEm2",
          "checksum": "f750859fdde5e4682730c45b5dfd95e4"
        },
        {
          "type": "image",
          "assetId": "GLXt18rYXbUyIu",
          "checksum": "1e9fcd290d5c2bee6b4ff400750a4e49"
        },
        {
          "type": "image",
          "assetId": "lVX5FfBKlYK8Fg",
          "checksum": "6ff08c6a718a9df53d6cfd3d1e5eac99"
        },
        {
          "type": "image",
          "assetId": "kkzIV5sPTtUY03",
          "checksum": "a5c7683a0d8299c5fce7e66c1e967692"
        },
        {
          "type": "image",
          "assetId": "4-sQEtovC9zK6R",
          "checksum": "096ce47caea0d16b172310aeffabdd73"
        },
        {
          "type": "image",
          "assetId": "n1ix2T8eD1lDsS",
          "checksum": "1926da99b5ef5582065bcad56cb98e90"
        },
        {
          "type": "image",
          "assetId": "adVOeKA_vlooBT",
          "checksum": "f788e347ef346558a525d75e6fd9c54c"
        },
        {
          "type": "image",
          "assetId": "C__rdQR0Z4n_6M",
          "checksum": "8e6fc7a696677dac5d6eb827036de58f"
        },
        {
          "type": "image",
          "assetId": "TfOFPzX2T19py_",
          "checksum": "8a600d5f4d3ac905a5daa4f75fbd69c6"
        },
        {
          "type": "image",
          "assetId": "5ZupUxyWy1_KVY",
          "checksum": "351f54b99cf0b4f52e48a78085455540"
        },
        {
          "assetId": "sjVjhDwAwAnzPPjTJm6wuM",
          "type": "projectCss",
          "checksum": "60ec3a72244caac5442f6f05c1d633b6"
        },
        {
          "type": "image",
          "assetId": "2O6AhHzd5",
          "checksum": "79400e6ea92b261eb1179ff27495ba62"
        },
        {
          "type": "image",
          "assetId": "Z5xdsBzzM",
          "checksum": "3ba4607721c560be936fae5ad39f76cc"
        }
      ],
      "codegenVersion": "0.0.1"
    }
  ],
  "cliVersion": "0.1.186"
}
